
Microsoft Visual Studio Solution File, Format Version 12.00
# Visual Studio Version 16
VisualStudioVersion = 16.0.29025.244
MinimumVisualStudioVersion = 10.0.40219.1
Project("{FAE04EC0-301F-11D3-BF4B-00C04F79EFBC}") = "MatchingGame", "MatchingGame\MatchingGame.csproj", "{70630975-588F-4203-9F2F-7DBDC9EB6BCA}"
EndProject
Global
	GlobalSection(SolutionConfigurationPlatforms) = preSolution
		Debug|Any CPU = Debug|Any CPU
		Release|Any CPU = Release|Any CPU
	EndGlobalSection
	GlobalSection(ProjectConfigurationPlatforms) = postSolution
		{70630975-588F-4203-9F2F-7DBDC9EB6BCA}.Debug|Any CPU.ActiveCfg = Debug|Any CPU
		{70630975-588F-4203-9F2F-7DBDC9EB6BCA}.Debug|Any CPU.Build.0 = Debug|Any CPU
		{70630975-588F-4203-9F2F-7DBDC9EB6BCA}.Release|Any CPU.ActiveCfg = Release|Any CPU
		{70630975-588F-4203-9F2F-7DBDC9EB6BCA}.Release|Any CPU.Build.0 = Release|Any CPU
	EndGlobalSection
	GlobalSection(SolutionProperties) = preSolution
		HideSolutionNode = FALSE
	EndGlobalSection
	GlobalSection(ExtensibilityGlobals) = postSolution
		SolutionGuid = {A60171C8-C893-4F5A-B2E2-1A9AB2081529}
	EndGlobalSection
EndGlobal
